// !$*UTF8*$!
{
	archiveVersion = 1;
	classes = {
	};
	objectVersion = 56;
	objects = {

/* Begin PBXBuildFile section */
		4E48F280E15FB57D61CF32D3 /* Pods_Api2.framework in Frameworks */ = {isa = PBXBuildFile; fileRef = 4B3A7D8C2447D519F1B4CC98 /* Pods_Api2.framework */; };
		DB8DB42429348960007B1FD8 /* TableViewCell.swift in Sources */ = {isa = PBXBuildFile; fileRef = DB8DB42329348960007B1FD8 /* TableViewCell.swift */; };
		DBA43E8729360CC600B4A0B6 /* model.swift in Sources */ = {isa = PBXBuildFile; fileRef = DBA43E8629360CC600B4A0B6 /* model.swift */; };
		DBC9E749293251710022F7BE /* AppDelegate.swift in Sources */ = {isa = PBXBuildFile; fileRef = DBC9E748293251710022F7BE /* AppDelegate.swift */; };
		DBC9E74B293251710022F7BE /* SceneDelegate.swift in Sources */ = {isa = PBXBuildFile; fileRef = DBC9E74A293251710022F7BE /* SceneDelegate.swift */; };
		DBC9E74D293251710022F7BE /* ViewController.swift in Sources */ = {isa = PBXBuildFile; fileRef = DBC9E74C293251710022F7BE /* ViewController.swift */; };
		DBC9E750293251710022F7BE /* Main.storyboard in Resources */ = {isa = PBXBuildFile; fileRef = DBC9E74E293251710022F7BE /* Main.storyboard */; };
		DBC9E752293251760022F7BE /* Assets.xcassets in Resources */ = {isa = PBXBuildFile; fileRef = DBC9E751293251760022F7BE /* Assets.xcassets */; };
		DBC9E755293251760022F7BE /* LaunchScreen.storyboard in Resources */ = {isa = PBXBuildFile; fileRef = DBC9E753293251760022F7BE /* LaunchScreen.storyboard */; };
		DBC9E75D293251E30022F7BE /* json.swift in Sources */ = {isa = PBXBuildFile; fileRef = DBC9E75C293251E30022F7BE /* json.swift */; };
/* End PBXBuildFile section */

/* Begin PBXFileReference section */
		2D07179B1B79EBF01D683DA1 /* Pods-Api2.debug.xcconfig */ = {isa = PBXFileReference; includeInIndex = 1; lastKnownFileType = text.xcconfig; name = "Pods-Api2.debug.xcconfig"; path = "Target Support Files/Pods-Api2/Pods-Api2.debug.xcconfig"; sourceTree = "<group>"; };
		4B3A7D8C2447D519F1B4CC98 /* Pods_Api2.framework */ = {isa = PBXFileReference; explicitFileType = wrapper.framework; includeInIndex = 0; path = Pods_Api2.framework; sourceTree = BUILT_PRODUCTS_DIR; };
		55D10CBF0D7528ED7C8CFB98 /* Pods-Api2.release.xcconfig */ = {isa = PBXFileReference; includeInIndex = 1; lastKnownFileType = text.xcconfig; name = "Pods-Api2.release.xcconfig"; path = "Target Support Files/Pods-Api2/Pods-Api2.release.xcconfig"; sourceTree = "<group>"; };
		DB8DB42329348960007B1FD8 /* TableViewCell.swift */ = {isa = PBXFileReference; lastKnownFileType = sourcecode.swift; path = TableViewCell.swift; sourceTree = "<group>"; };
		DBA43E8629360CC600B4A0B6 /* model.swift */ = {isa = PBXFileReference; lastKnownFileType = sourcecode.swift; path = model.swift; sourceTree = "<group>"; };
		DBC9E745293251710022F7BE /* Api2.app */ = {isa = PBXFileReference; explicitFileType = wrapper.application; includeInIndex = 0; path = Api2.app; sourceTree = BUILT_PRODUCTS_DIR; };
		DBC9E748293251710022F7BE /* AppDelegate.swift */ = {isa = PBXFileReference; lastKnownFileType = sourcecode.swift; path = AppDelegate.swift; sourceTree = "<group>"; };
		DBC9E74A293251710022F7BE /* SceneDelegate.swift */ = {isa = PBXFileReference; lastKnownFileType = sourcecode.swift; path = SceneDelegate.swift; sourceTree = "<group>"; };
		DBC9E74C293251710022F7BE /* ViewController.swift */ = {isa = PBXFileReference; lastKnownFileType = sourcecode.swift; path = ViewController.swift; sourceTree = "<group>"; };
		DBC9E74F293251710022F7BE /* Base */ = {isa = PBXFileReference; lastKnownFileType = file.storyboard; name = Base; path = Base.lproj/Main.storyboard; sourceTree = "<group>"; };
		DBC9E751293251760022F7BE /* Assets.xcassets */ = {isa = PBXFileReference; lastKnownFileType = folder.assetcatalog; path = Assets.xcassets; sourceTree = "<group>"; };
		DBC9E754293251760022F7BE /* Base */ = {isa = PBXFileReference; lastKnownFileType = file.storyboard; name = Base; path = Base.lproj/LaunchScreen.storyboard; sourceTree = "<group>"; };
		DBC9E756293251760022F7BE /* Info.plist */ = {isa = PBXFileReference; lastKnownFileType = text.plist.xml; path = Info.plist; sourceTree = "<group>"; };
		DBC9E75C293251E30022F7BE /* json.swift */ = {isa = PBXFileReference; lastKnownFileType = sourcecode.swift; path = json.swift; sourceTree = "<group>"; };
/* End PBXFileReference section */

/* Begin PBXFrameworksBuildPhase section */
		DBC9E742293251710022F7BE /* Frameworks */ = {
			isa = PBXFrameworksBuildPhase;
			buildActionMask = 2147483647;
			files = (
				4E48F280E15FB57D61CF32D3 /* Pods_Api2.framework in Frameworks */,
			);
			runOnlyForDeploymentPostprocessing = 0;
		};
/* End PBXFrameworksBuildPhase section */

/* Begin PBXGroup section */
		510893756C89209CDD6FD6EC /* Pods */ = {
			isa = PBXGroup;
			children = (
				2D07179B1B79EBF01D683DA1 /* Pods-Api2.debug.xcconfig */,
				55D10CBF0D7528ED7C8CFB98 /* Pods-Api2.release.xcconfig */,
			);
			path = Pods;
			sourceTree = "<group>";
		};
		DBC9E73C293251710022F7BE = {
			isa = PBXGroup;
			children = (
				DBC9E747293251710022F7BE /* Api2 */,
				DBC9E746293251710022F7BE /* Products */,
				510893756C89209CDD6FD6EC /* Pods */,
				EFC89ACB1EA0CB55533ACC3C /* Frameworks */,
			);
			sourceTree = "<group>";
		};
		DBC9E746293251710022F7BE /* Products */ = {
			isa = PBXGroup;
			children = (
				DBC9E745293251710022F7BE /* Api2.app */,
			);
			name = Products;
			sourceTree = "<group>";
		};
		DBC9E747293251710022F7BE /* Api2 */ = {
			isa = PBXGroup;
			children = (
				DBC9E748293251710022F7BE /* AppDelegate.swift */,
				DBC9E74A293251710022F7BE /* SceneDelegate.swift */,
				DBC9E74C293251710022F7BE /* ViewController.swift */,
				DBA43E8629360CC600B4A0B6 /* model.swift */,
				DB8DB42329348960007B1FD8 /* TableViewCell.swift */,
				DBC9E75C293251E30022F7BE /* json.swift */,
				DBC9E74E293251710022F7BE /* Main.storyboard */,
				DBC9E751293251760022F7BE /* Assets.xcassets */,
				DBC9E753293251760022F7BE /* LaunchScreen.storyboard */,
				DBC9E756293251760022F7BE /* Info.plist */,
			);
			path = Api2;
			sourceTree = "<group>";
		};
		EFC89ACB1EA0CB55533ACC3C /* Frameworks */ = {
			isa = PBXGroup;
			children = (
				4B3A7D8C2447D519F1B4CC98 /* Pods_Api2.framework */,
			);
			name = Frameworks;
			sourceTree = "<group>";
		};
/* End PBXGroup section */

/* Begin PBXNativeTarget section */
		DBC9E744293251710022F7BE /* Api2 */ = {
			isa = PBXNativeTarget;
			buildConfigurationList = DBC9E759293251760022F7BE /* Build configuration list for PBXNativeTarget "Api2" */;
			buildPhases = (
				9A1F9B3934212A27A9F99B0A /* [CP] Check Pods Manifest.lock */,
				DBC9E741293251710022F7BE /* Sources */,
				DBC9E742293251710022F7BE /* Frameworks */,
				DBC9E743293251710022F7BE /* Resources */,
				2C96FCD4EB684C1D5071E2DE /* [CP] Embed Pods Frameworks */,
				DB8DB422293485DA007B1FD8 /* ShellScript */,
			);
			buildRules = (
			);
			dependencies = (
			);
			name = Api2;
			productName = Api2;
			productReference = DBC9E745293251710022F7BE /* Api2.app */;
			productType = "com.apple.product-type.application";
		};
/* End PBXNativeTarget section */

/* Begin PBXProject section */
		DBC9E73D293251710022F7BE /* Project object */ = {
			isa = PBXProject;
			attributes = {
				BuildIndependentTargetsInParallel = 1;
				LastSwiftUpdateCheck = 1410;
				LastUpgradeCheck = 1410;
				TargetAttributes = {
					DBC9E744293251710022F7BE = {
						CreatedOnToolsVersion = 14.1;
					};
				};
			};
			buildConfigurationList = DBC9E740293251710022F7BE /* Build configuration list for PBXProject "Api2" */;
			compatibilityVersion = "Xcode 14.0";
			developmentRegion = en;
			hasScannedForEncodings = 0;
			knownRegions = (
				en,
				Base,
			);
			mainGroup = DBC9E73C293251710022F7BE;
			productRefGroup = DBC9E746293251710022F7BE /* Products */;
			projectDirPath = "";
			projectRoot = "";
			targets = (
				DBC9E744293251710022F7BE /* Api2 */,
			);
		};
/* End PBXProject section */

/* Begin PBXResourcesBuildPhase section */
		DBC9E743293251710022F7BE /* Resources */ = {
			isa = PBXResourcesBuildPhase;
			buildActionMask = 2147483647;
			files = (
				DBC9E755293251760022F7BE /* LaunchScreen.storyboard in Resources */,
				DBC9E752293251760022F7BE /* Assets.xcassets in Resources */,
				DBC9E750293251710022F7BE /* Main.storyboard in Resources */,
			);
			runOnlyForDeploymentPostprocessing = 0;
		};
/* End PBXResourcesBuildPhase section */

/* Begin PBXShellScriptBuildPhase section */
		2C96FCD4EB684C1D5071E2DE /* [CP] Embed Pods Frameworks */ = {
			isa = PBXShellScriptBuildPhase;
			buildActionMask = 2147483647;
			files = (
			);
			inputFileListPaths = (
				"${PODS_ROOT}/Target Support Files/Pods-Api2/Pods-Api2-frameworks-${CONFIGURATION}-input-files.xcfilelist",
			);
			name = "[CP] Embed Pods Frameworks";
			outputFileListPaths = (
				"${PODS_ROOT}/Target Support Files/Pods-Api2/Pods-Api2-frameworks-${CONFIGURATION}-output-files.xcfilelist",
			);
			runOnlyForDeploymentPostprocessing = 0;
			shellPath = /bin/sh;
			shellScript = "\"${PODS_ROOT}/Target Support Files/Pods-Api2/Pods-Api2-frameworks.sh\"\n";
			showEnvVarsInLog = 0;
		};
		9A1F9B3934212A27A9F99B0A /* [CP] Check Pods Manifest.lock */ = {
			isa = PBXShellScriptBuildPhase;
			buildActionMask = 2147483647;
			files = (
			);
			inputFileListPaths = (
			);
			inputPaths = (
				"${PODS_PODFILE_DIR_PATH}/Podfile.lock",
				"${PODS_ROOT}/Manifest.lock",
			);
			name = "[CP] Check Pods Manifest.lock";
			outputFileListPaths = (
			);
			outputPaths = (
				"$(DERIVED_FILE_DIR)/Pods-Api2-checkManifestLockResult.txt",
			);
			runOnlyForDeploymentPostprocessing = 0;
			shellPath = /bin/sh;
			shellScript = "diff \"${PODS_PODFILE_DIR_PATH}/Podfile.lock\" \"${PODS_ROOT}/Manifest.lock\" > /dev/null\nif [ $? != 0 ] ; then\n    # print error to STDERR\n    echo \"error: The sandbox is not in sync with the Podfile.lock. Run 'pod install' or update your CocoaPods installation.\" >&2\n    exit 1\nfi\n# This output is used by Xcode 'outputs' to avoid re-running this script phase.\necho \"SUCCESS\" > \"${SCRIPT_OUTPUT_FILE_0}\"\n";
			showEnvVarsInLog = 0;
		};
		DB8DB422293485DA007B1FD8 /* ShellScript */ = {
			isa = PBXShellScriptBuildPhase;
			buildActionMask = 8;
			files = (
			);
			inputFileListPaths = (
			);
			inputPaths = (
			);
			outputFileListPaths = (
			);
			outputPaths = (
			);
			runOnlyForDeploymentPostprocessing = 1;
			shellPath = /bin/sh;
			shellScript = "\"${PODS_ROOT}/SwiftLint/swiftlint\"\n";
		};
/* End PBXShellScriptBuildPhase section */

/* Begin PBXSourcesBuildPhase section */
		DBC9E741293251710022F7BE /* Sources */ = {
			isa = PBXSourcesBuildPhase;
			buildActionMask = 2147483647;
			files = (
				DB8DB42429348960007B1FD8 /* TableViewCell.swift in Sources */,
				DBA43E8729360CC600B4A0B6 /* model.swift in Sources */,
				DBC9E74D293251710022F7BE /* ViewController.swift in Sources */,
				DBC9E749293251710022F7BE /* AppDelegate.swift in Sources */,
				DBC9E74B293251710022F7BE /* SceneDelegate.swift in Sources */,
				DBC9E75D293251E30022F7BE /* json.swift in Sources */,
			);
			runOnlyForDeploymentPostprocessing = 0;
		};
/* End PBXSourcesBuildPhase section */

/* Begin PBXVariantGroup section */
		DBC9E74E293251710022F7BE /* Main.storyboard */ = {
			isa = PBXVariantGroup;
			children = (
				DBC9E74F293251710022F7BE /* Base */,
			);
			name = Main.storyboard;
			sourceTree = "<group>";
		};
		DBC9E753293251760022F7BE /* LaunchScreen.storyboard */ = {
			isa = PBXVariantGroup;
			children = (
				DBC9E754293251760022F7BE /* Base */,
			);
			name = LaunchScreen.storyboard;
			sourceTree = "<group>";
		};
/* End PBXVariantGroup section */

/* Begin XCBuildConfiguration section */
		DBC9E757293251760022F7BE /* Debug */ = {
			isa = XCBuildConfiguration;
			buildSettings = {
				ALWAYS_SEARCH_USER_PATHS = NO;
				CLANG_ANALYZER_NONNULL = YES;
				CLANG_ANALYZER_NUMBER_OBJECT_CONVERSION = YES_AGGRESSIVE;
				CLANG_CXX_LANGUAGE_STANDARD = "gnu++20";
				CLANG_ENABLE_MODULES = YES;
				CLANG_ENABLE_OBJC_ARC = YES;
				CLANG_ENABLE_OBJC_WEAK = YES;
				CLANG_WARN_BLOCK_CAPTURE_AUTORELEASING = YES;
				CLANG_WARN_BOOL_CONVERSION = YES;
				CLANG_WARN_COMMA = YES;
				CLANG_WARN_CONSTANT_CONVERSION = YES;
				CLANG_WARN_DEPRECATED_OBJC_IMPLEMENTATIONS = YES;
				CLANG_WARN_DIRECT_OBJC_ISA_USAGE = YES_ERROR;
				CLANG_WARN_DOCUMENTATION_COMMENTS = YES;
				CLANG_WARN_EMPTY_BODY = YES;
				CLANG_WARN_ENUM_CONVERSION = YES;
				CLANG_WARN_INFINITE_RECURSION = YES;
				CLANG_WARN_INT_CONVERSION = YES;
				CLANG_WARN_NON_LITERAL_NULL_CONVERSION = YES;
				CLANG_WARN_OBJC_IMPLICIT_RETAIN_SELF = YES;
				CLANG_WARN_OBJC_LITERAL_CONVERSION = YES;
				CLANG_WARN_OBJC_ROOT_CLASS = YES_ERROR;
				CLANG_WARN_QUOTED_INCLUDE_IN_FRAMEWORK_HEADER = YES;
				CLANG_WARN_RANGE_LOOP_ANALYSIS = YES;
				CLANG_WARN_STRICT_PROTOTYPES = YES;
				CLANG_WARN_SUSPICIOUS_MOVE = YES;
				CLANG_WARN_UNGUARDED_AVAILABILITY = YES_AGGRESSIVE;
				CLANG_WARN_UNREACHABLE_CODE = YES;
				CLANG_WARN__DUPLICATE_METHOD_MATCH = YES;
				COPY_PHASE_STRIP = NO;
				DEBUG_INFORMATION_FORMAT = dwarf;
				ENABLE_STRICT_OBJC_MSGSEND = YES;
				ENABLE_TESTABILITY = YES;
				GCC_C_LANGUAGE_STANDARD = gnu11;
				GCC_DYNAMIC_NO_PIC = NO;
				GCC_NO_COMMON_BLOCKS = YES;
				GCC_OPTIMIZATION_LEVEL = 0;
				GCC_PREPROCESSOR_DEFINITIONS = (
					"DEBUG=1",
					"$(inherited)",
				);
				GCC_WARN_64_TO_32_BIT_CONVERSION = YES;
				GCC_WARN_ABOUT_RETURN_TYPE = YES_ERROR;
				GCC_WARN_UNDECLARED_SELECTOR = YES;
				GCC_WARN_UNINITIALIZED_AUTOS = YES_AGGRESSIVE;
				GCC_WARN_UNUSED_FUNCTION = YES;
				GCC_WARN_UNUSED_VARIABLE = YES;
				IPHONEOS_DEPLOYMENT_TARGET = 16.1;
				MTL_ENABLE_DEBUG_INFO = INCLUDE_SOURCE;
				MTL_FAST_MATH = YES;
				ONLY_ACTIVE_ARCH = YES;
				SDKROOT = iphoneos;
				SWIFT_ACTIVE_COMPILATION_CONDITIONS = DEBUG;
				SWIFT_OPTIMIZATION_LEVEL = "-Onone";
			};
			name = Debug;
		};
		DBC9E758293251760022F7BE /* Release */ = {
			isa = XCBuildConfiguration;
			buildSettings = {
				ALWAYS_SEARCH_USER_PATHS = NO;
				CLANG_ANALYZER_NONNULL = YES;
				CLANG_ANALYZER_NUMBER_OBJECT_CONVERSION = YES_AGGRESSIVE;
				CLANG_CXX_LANGUAGE_STANDARD = "gnu++20";
				CLANG_ENABLE_MODULES = YES;
				CLANG_ENABLE_OBJC_ARC = YES;
				CLANG_ENABLE_OBJC_WEAK = YES;
				CLANG_WARN_BLOCK_CAPTURE_AUTORELEASING = YES;
				CLANG_WARN_BOOL_CONVERSION = YES;
				CLANG_WARN_COMMA = YES;
				CLANG_WARN_CONSTANT_CONVERSION = YES;
				CLANG_WARN_DEPRECATED_OBJC_IMPLEMENTATIONS = YES;
				CLANG_WARN_DIRECT_OBJC_ISA_USAGE = YES_ERROR;
				CLANG_WARN_DOCUMENTATION_COMMENTS = YES;
				CLANG_WARN_EMPTY_BODY = YES;
				CLANG_WARN_ENUM_CONVERSION = YES;
				CLANG_WARN_INFINITE_RECURSION = YES;
				CLANG_WARN_INT_CONVERSION = YES;
				CLANG_WARN_NON_LITERAL_NULL_CONVERSION = YES;
				CLANG_WARN_OBJC_IMPLICIT_RETAIN_SELF = YES;
				CLANG_WARN_OBJC_LITERAL_CONVERSION = YES;
				CLANG_WARN_OBJC_ROOT_CLASS = YES_ERROR;
				CLANG_WARN_QUOTED_INCLUDE_IN_FRAMEWORK_HEADER = YES;
				CLANG_WARN_RANGE_LOOP_ANALYSIS = YES;
				CLANG_WARN_STRICT_PROTOTYPES = YES;
				CLANG_WARN_SUSPICIOUS_MOVE = YES;
				CLANG_WARN_UNGUARDED_AVAILABILITY = YES_AGGRESSIVE;
				CLANG_WARN_UNREACHABLE_CODE = YES;
				CLANG_WARN__DUPLICATE_METHOD_MATCH = YES;
				COPY_PHASE_STRIP = NO;
				DEBUG_INFORMATION_FORMAT = "dwarf-with-dsym";
				ENABLE_NS_ASSERTIONS = NO;
				ENABLE_STRICT_OBJC_MSGSEND = YES;
				GCC_C_LANGUAGE_STANDARD = gnu11;
				GCC_NO_COMMON_BLOCKS = YES;
				GCC_WARN_64_TO_32_BIT_CONVERSION = YES;
				GCC_WARN_ABOUT_RETURN_TYPE = YES_ERROR;
				GCC_WARN_UNDECLARED_SELECTOR = YES;
				GCC_WARN_UNINITIALIZED_AUTOS = YES_AGGRESSIVE;
				GCC_WARN_UNUSED_FUNCTION = YES;
				GCC_WARN_UNUSED_VARIABLE = YES;
				IPHONEOS_DEPLOYMENT_TARGET = 16.1;
				MTL_ENABLE_DEBUG_INFO = NO;
				MTL_FAST_MATH = YES;
				SDKROOT = iphoneos;
				SWIFT_COMPILATION_MODE = wholemodule;
				SWIFT_OPTIMIZATION_LEVEL = "-O";
				VALIDATE_PRODUCT = YES;
			};
			name = Release;
		};
		DBC9E75A293251760022F7BE /* Debug */ = {
			isa = XCBuildConfiguration;
			baseConfigurationReference = 2D07179B1B79EBF01D683DA1 /* Pods-Api2.debug.xcconfig */;
			buildSettings = {
				ASSETCATALOG_COMPILER_APPICON_NAME = AppIcon;
				ASSETCATALOG_COMPILER_GLOBAL_ACCENT_COLOR_NAME = AccentColor;
				CODE_SIGN_STYLE = Automatic;
				CURRENT_PROJECT_VERSION = 1;
				GENERATE_INFOPLIST_FILE = YES;
				INFOPLIST_FILE = Api2/Info.plist;
				INFOPLIST_KEY_UIApplicationSupportsIndirectInputEvents = YES;
				INFOPLIST_KEY_UILaunchStoryboardName = LaunchScreen;
				INFOPLIST_KEY_UIMainStoryboardFile = Main;
				INFOPLIST_KEY_UISupportedInterfaceOrientations_iPad = "UIInterfaceOrientationPortrait UIInterfaceOrientationPortraitUpsideDown UIInterfaceOrientationLandscapeLeft UIInterfaceOrientationLandscapeRight";
				INFOPLIST_KEY_UISupportedInterfaceOrientations_iPhone = "UIInterfaceOrientationPortrait UIInterfaceOrientationLandscapeLeft UIInterfaceOrientationLandscapeRight";
				LD_RUNPATH_SEARCH_PATHS = (
					"$(inherited)",
					"@executable_path/Frameworks",
				);
				MARKETING_VERSION = 1.0;
				PRODUCT_BUNDLE_IDENTIFIER = one.Api2;
				PRODUCT_NAME = "$(TARGET_NAME)";
				SWIFT_EMIT_LOC_STRINGS = YES;
				SWIFT_VERSION = 5.0;
				TARGETED_DEVICE_FAMILY = "1,2";
			};
			name = Debug;
		};
		DBC9E75B293251760022F7BE /* Release */ = {
			isa = XCBuildConfiguration;
			baseConfigurationReference = 55D10CBF0D7528ED7C8CFB98 /* Pods-Api2.release.xcconfig */;
			buildSettings = {
				ASSETCATALOG_COMPILER_APPICON_NAME = AppIcon;
				ASSETCATALOG_COMPILER_GLOBAL_ACCENT_COLOR_NAME = AccentColor;
				CODE_SIGN_STYLE = Automatic;
				CURRENT_PROJECT_VERSION = 1;
				GENERATE_INFOPLIST_FILE = YES;
				INFOPLIST_FILE = Api2/Info.plist;
				INFOPLIST_KEY_UIApplicationSupportsIndirectInputEvents = YES;
				INFOPLIST_KEY_UILaunchStoryboardName = LaunchScreen;
				INFOPLIST_KEY_UIMainStoryboardFile = Main;
				INFOPLIST_KEY_UISupportedInterfaceOrientations_iPad = "UIInterfaceOrientationPortrait UIInterfaceOrientationPortraitUpsideDown UIInterfaceOrientationLandscapeLeft UIInterfaceOrientationLandscapeRight";
				INFOPLIST_KEY_UISupportedInterfaceOrientations_iPhone = "UIInterfaceOrientationPortrait UIInterfaceOrientationLandscapeLeft UIInterfaceOrientationLandscapeRight";
				LD_RUNPATH_SEARCH_PATHS = (
					"$(inherited)",
					"@executable_path/Frameworks",
				);
				MARKETING_VERSION = 1.0;
				PRODUCT_BUNDLE_IDENTIFIER = one.Api2;
				PRODUCT_NAME = "$(TARGET_NAME)";
				SWIFT_EMIT_LOC_STRINGS = YES;
				SWIFT_VERSION = 5.0;
				TARGETED_DEVICE_FAMILY = "1,2";
			};
			name = Release;
		};
/* End XCBuildConfiguration section */

/* Begin XCConfigurationList section */
		DBC9E740293251710022F7BE /* Build configuration list for PBXProject "Api2" */ = {
			isa = XCConfigurationList;
			buildConfigurations = (
				DBC9E757293251760022F7BE /* Debug */,
				DBC9E758293251760022F7BE /* Release */,
			);
			defaultConfigurationIsVisible = 0;
			defaultConfigurationName = Release;
		};
		DBC9E759293251760022F7BE /* Build configuration list for PBXNativeTarget "Api2" */ = {
			isa = XCConfigurationList;
			buildConfigurations = (
				DBC9E75A293251760022F7BE /* Debug */,
				DBC9E75B293251760022F7BE /* Release */,
			);
			defaultConfigurationIsVisible = 0;
			defaultConfigurationName = Release;
		};
/* End XCConfigurationList section */
	};
	rootObject = DBC9E73D293251710022F7BE /* Project object */;
}
